
Microsoft Visual Studio Solution File, Format Version 12.00
# Visual Studio 15
VisualStudioVersion = 15.0.27703.2000
MinimumVisualStudioVersion = 10.0.40219.1
Project("{FAE04EC0-301F-11D3-BF4B-00C04F79EFBC}") = "HouseBooking.UI.MVC", "HouseBooking.UI.MVC\HouseBooking.UI.MVC.csproj", "{843306B5-A5BE-411B-963A-A960426F1506}"
EndProject
Project("{FAE04EC0-301F-11D3-BF4B-00C04F79EFBC}") = "HouseBooking.Backend", "HouseBooking.Backend\HouseBooking.Backend.csproj", "{0F23865E-1832-411A-AC52-261A47E0F0DD}"
EndProject
Project("{FAE04EC0-301F-11D3-BF4B-00C04F79EFBC}") = "HouseBooking.Tests", "HouseBooking.Tests\HouseBooking.Tests.csproj", "{0166971D-75AC-4989-B3C1-B2912296A293}"
EndProject
Global
	GlobalSection(SolutionConfigurationPlatforms) = preSolution
		Debug|Any CPU = Debug|Any CPU
		Release|Any CPU = Release|Any CPU
	EndGlobalSection
	GlobalSection(ProjectConfigurationPlatforms) = postSolution
		{843306B5-A5BE-411B-963A-A960426F1506}.Debug|Any CPU.ActiveCfg = Debug|Any CPU
		{843306B5-A5BE-411B-963A-A960426F1506}.Debug|Any CPU.Build.0 = Debug|Any CPU
		{843306B5-A5BE-411B-963A-A960426F1506}.Release|Any CPU.ActiveCfg = Release|Any CPU
		{843306B5-A5BE-411B-963A-A960426F1506}.Release|Any CPU.Build.0 = Release|Any CPU
		{0F23865E-1832-411A-AC52-261A47E0F0DD}.Debug|Any CPU.ActiveCfg = Debug|Any CPU
		{0F23865E-1832-411A-AC52-261A47E0F0DD}.Debug|Any CPU.Build.0 = Debug|Any CPU
		{0F23865E-1832-411A-AC52-261A47E0F0DD}.Release|Any CPU.ActiveCfg = Release|Any CPU
		{0F23865E-1832-411A-AC52-261A47E0F0DD}.Release|Any CPU.Build.0 = Release|Any CPU
		{0166971D-75AC-4989-B3C1-B2912296A293}.Debug|Any CPU.ActiveCfg = Debug|Any CPU
		{0166971D-75AC-4989-B3C1-B2912296A293}.Debug|Any CPU.Build.0 = Debug|Any CPU
		{0166971D-75AC-4989-B3C1-B2912296A293}.Release|Any CPU.ActiveCfg = Release|Any CPU
		{0166971D-75AC-4989-B3C1-B2912296A293}.Release|Any CPU.Build.0 = Release|Any CPU
	EndGlobalSection
	GlobalSection(SolutionProperties) = preSolution
		HideSolutionNode = FALSE
	EndGlobalSection
	GlobalSection(ExtensibilityGlobals) = postSolution
		SolutionGuid = {BAFDE27D-B8E5-436E-BB27-47BF1F678E66}
	EndGlobalSection
EndGlobal
